
Microsoft Visual Studio Solution File, Format Version 12.00
# Visual Studio Version 16
VisualStudioVersion = 16.0.29905.134
MinimumVisualStudioVersion = 10.0.40219.1
Project("{FAE04EC0-301F-11D3-BF4B-00C04F79EFBC}") = "cw3_apbd", "cw3_apbd\cw3_apbd.csproj", "{779DA000-34DC-40CD-AD7A-BA20BCC091C3}"
EndProject
Global
	GlobalSection(SolutionConfigurationPlatforms) = preSolution
		Debug|Any CPU = Debug|Any CPU
		Release|Any CPU = Release|Any CPU
	EndGlobalSection
	GlobalSection(ProjectConfigurationPlatforms) = postSolution
		{779DA000-34DC-40CD-AD7A-BA20BCC091C3}.Debug|Any CPU.ActiveCfg = Debug|Any CPU
		{779DA000-34DC-40CD-AD7A-BA20BCC091C3}.Debug|Any CPU.Build.0 = Debug|Any CPU
		{779DA000-34DC-40CD-AD7A-BA20BCC091C3}.Release|Any CPU.ActiveCfg = Release|Any CPU
		{779DA000-34DC-40CD-AD7A-BA20BCC091C3}.Release|Any CPU.Build.0 = Release|Any CPU
	EndGlobalSection
	GlobalSection(SolutionProperties) = preSolution
		HideSolutionNode = FALSE
	EndGlobalSection
	GlobalSection(ExtensibilityGlobals) = postSolution
		SolutionGuid = {64C5C5E6-E0FD-45EE-AC3A-C9EE174FA252}
	EndGlobalSection
EndGlobal
